PODS:
  - AppAuth (1.4.0):
    - AppAuth/Core (= 1.4.0)
    - AppAuth/ExternalUserAgent (= 1.4.0)
  - AppAuth/Core (1.4.0)
  - AppAuth/ExternalUserAgent (1.4.0)
  - boost (1.76.0)
  - DoubleConversion (1.1.6)
  - FBLazyVector (0.67.3)
  - FBReactNativeSpec (0.67.3):
    - RCT-Folly (= 2021.06.28.00-v2)
    - RCTRequired (= 0.67.3)
    - RCTTypeSafety (= 0.67.3)
    - React-Core (= 0.67.3)
    - React-jsi (= 0.67.3)
    - ReactCommon/turbomodule/core (= 0.67.3)
  - Firebase/CoreOnly (8.8.0):
    - FirebaseCore (= 8.8.0)
  - Firebase/DynamicLinks (8.8.0):
    - Firebase/CoreOnly
    - FirebaseDynamicLinks (~> 8.8.0)
  - Firebase/Messaging (8.8.0):
    - Firebase/CoreOnly
    - FirebaseMessaging (~> 8.8.0)
  - FirebaseCore (8.8.0):
    - FirebaseCoreDiagnostics (~> 8.0)
    - GoogleUtilities/Environment (~> 7.4)
    - GoogleUtilities/Logger (~> 7.4)
  - FirebaseCoreDiagnostics (8.8.0):
    - GoogleDataTransport (~> 9.0)
    - GoogleUtilities/Environment (~> 7.4)
    - GoogleUtilities/Logger (~> 7.4)
    - nanopb (~> 2.30908.0)
  - FirebaseDynamicLinks (8.8.0):
    - FirebaseCore (~> 8.0)
  - FirebaseInstallations (8.8.0):
    - FirebaseCore (~> 8.0)
    - GoogleUtilities/Environment (~> 7.4)
    - GoogleUtilities/UserDefaults (~> 7.4)
    - PromisesObjC (< 3.0, >= 1.2)
  - FirebaseMessaging (8.8.0):
    - FirebaseCore (~> 8.0)
    - FirebaseInstallations (~> 8.0)
    - GoogleDataTransport (~> 9.0)
    - GoogleUtilities/AppDelegateSwizzler (~> 7.4)
    - GoogleUtilities/Environment (~> 7.4)
    - GoogleUtilities/Reachability (~> 7.4)
    - GoogleUtilities/UserDefaults (~> 7.4)
    - nanopb (~> 2.30908.0)
  - fmt (6.2.1)
  - glog (0.3.5)
  - GoogleDataTransport (9.1.0):
    - GoogleUtilities/Environment (~> 7.2)
    - nanopb (~> 2.30908.0)
    - PromisesObjC (< 3.0, >= 1.2)
  - GoogleSignIn (5.0.2):
    - AppAuth (~> 1.2)
    - GTMAppAuth (~> 1.0)
    - GTMSessionFetcher/Core (~> 1.1)
  - GoogleUtilities/AppDelegateSwizzler (7.5.2):
    - GoogleUtilities/Environment
    - GoogleUtilities/Logger
    - GoogleUtilities/Network
  - GoogleUtilities/Environment (7.5.2):
    - PromisesObjC (< 3.0, >= 1.2)
  - GoogleUtilities/Logger (7.5.2):
    - GoogleUtilities/Environment
  - GoogleUtilities/Network (7.5.2):
    - GoogleUtilities/Logger
    - "GoogleUtilities/NSData+zlib"
    - GoogleUtilities/Reachability
  - "GoogleUtilities/NSData+zlib (7.5.2)"
  - GoogleUtilities/Reachability (7.5.2):
    - GoogleUtilities/Logger
  - GoogleUtilities/UserDefaults (7.5.2):
    - GoogleUtilities/Logger
  - GTMAppAuth (1.2.2):
    - AppAuth/Core (~> 1.4)
    - GTMSessionFetcher/Core (~> 1.5)
  - GTMSessionFetcher/Core (1.7.0)
  - libwebp (1.2.1):
    - libwebp/demux (= 1.2.1)
    - libwebp/mux (= 1.2.1)
    - libwebp/webp (= 1.2.1)
  - libwebp/demux (1.2.1):
    - libwebp/webp
  - libwebp/mux (1.2.1):
    - libwebp/demux
  - libwebp/webp (1.2.1)
  - nanopb (2.30908.0):
    - nanopb/decode (= 2.30908.0)
    - nanopb/encode (= 2.30908.0)
  - nanopb/decode (2.30908.0)
  - nanopb/encode (2.30908.0)
  - PromisesObjC (2.0.0)
  - RCT-Folly (2021.06.28.00-v2):
    - boost
    - DoubleConversion
    - fmt (~> 6.2.1)
    - glog
    - RCT-Folly/Default (= 2021.06.28.00-v2)
  - RCT-Folly/Default (2021.06.28.00-v2):
    - boost
    - DoubleConversion
    - fmt (~> 6.2.1)
    - glog
  - RCTRequired (0.67.3)
  - RCTTypeSafety (0.67.3):
    - FBLazyVector (= 0.67.3)
    - RCT-Folly (= 2021.06.28.00-v2)
    - RCTRequired (= 0.67.3)
    - React-Core (= 0.67.3)
  - React (0.67.3):
    - React-Core (= 0.67.3)
    - React-Core/DevSupport (= 0.67.3)
    - React-Core/RCTWebSocket (= 0.67.3)
    - React-RCTActionSheet (= 0.67.3)
    - React-RCTAnimation (= 0.67.3)
    - React-RCTBlob (= 0.67.3)
    - React-RCTImage (= 0.67.3)
    - React-RCTLinking (= 0.67.3)
    - React-RCTNetwork (= 0.67.3)
    - React-RCTSettings (= 0.67.3)
    - React-RCTText (= 0.67.3)
    - React-RCTVibration (= 0.67.3)
  - React-callinvoker (0.67.3)
  - React-Core (0.67.3):
    - glog
    - RCT-Folly (= 2021.06.28.00-v2)
    - React-Core/Default (= 0.67.3)
    - React-cxxreact (= 0.67.3)
    - React-jsi (= 0.67.3)
    - React-jsiexecutor (= 0.67.3)
    - React-perflogger (= 0.67.3)
    - Yoga
  - React-Core/CoreModulesHeaders (0.67.3):
    - glog
    - RCT-Folly (= 2021.06.28.00-v2)
    - React-Core/Default
    - React-cxxreact (= 0.67.3)
    - React-jsi (= 0.67.3)
    - React-jsiexecutor (= 0.67.3)
    - React-perflogger (= 0.67.3)
    - Yoga
  - React-Core/Default (0.67.3):
    - glog
    - RCT-Folly (= 2021.06.28.00-v2)
    - React-cxxreact (= 0.67.3)
    - React-jsi (= 0.67.3)
    - React-jsiexecutor (= 0.67.3)
    - React-perflogger (= 0.67.3)
    - Yoga
  - React-Core/DevSupport (0.67.3):
    - glog
    - RCT-Folly (= 2021.06.28.00-v2)
    - React-Core/Default (= 0.67.3)
    - React-Core/RCTWebSocket (= 0.67.3)
    - React-cxxreact (= 0.67.3)
    - React-jsi (= 0.67.3)
    - React-jsiexecutor (= 0.67.3)
    - React-jsinspector (= 0.67.3)
    - React-perflogger (= 0.67.3)
    - Yoga
  - React-Core/RCTActionSheetHeaders (0.67.3):
    - glog
    - RCT-Folly (= 2021.06.28.00-v2)
    - React-Core/Default
    - React-cxxreact (= 0.67.3)
    - React-jsi (= 0.67.3)
    - React-jsiexecutor (= 0.67.3)
    - React-perflogger (= 0.67.3)
    - Yoga
  - React-Core/RCTAnimationHeaders (0.67.3):
    - glog
    - RCT-Folly (= 2021.06.28.00-v2)
    - React-Core/Default
    - React-cxxreact (= 0.67.3)
    - React-jsi (= 0.67.3)
    - React-jsiexecutor (= 0.67.3)
    - React-perflogger (= 0.67.3)
    - Yoga
  - React-Core/RCTBlobHeaders (0.67.3):
    - glog
    - RCT-Folly (= 2021.06.28.00-v2)
    - React-Core/Default
    - React-cxxreact (= 0.67.3)
    - React-jsi (= 0.67.3)
    - React-jsiexecutor (= 0.67.3)
    - React-perflogger (= 0.67.3)
    - Yoga
  - React-Core/RCTImageHeaders (0.67.3):
    - glog
    - RCT-Folly (= 2021.06.28.00-v2)
    - React-Core/Default
    - React-cxxreact (= 0.67.3)
    - React-jsi (= 0.67.3)
    - React-jsiexecutor (= 0.67.3)
    - React-perflogger (= 0.67.3)
    - Yoga
  - React-Core/RCTLinkingHeaders (0.67.3):
    - glog
    - RCT-Folly (= 2021.06.28.00-v2)
    - React-Core/Default
    - React-cxxreact (= 0.67.3)
    - React-jsi (= 0.67.3)
    - React-jsiexecutor (= 0.67.3)
    - React-perflogger (= 0.67.3)
    - Yoga
  - React-Core/RCTNetworkHeaders (0.67.3):
    - glog
    - RCT-Folly (= 2021.06.28.00-v2)
    - React-Core/Default
    - React-cxxreact (= 0.67.3)
    - React-jsi (= 0.67.3)
    - React-jsiexecutor (= 0.67.3)
    - React-perflogger (= 0.67.3)
    - Yoga
  - React-Core/RCTSettingsHeaders (0.67.3):
    - glog
    - RCT-Folly (= 2021.06.28.00-v2)
    - React-Core/Default
    - React-cxxreact (= 0.67.3)
    - React-jsi (= 0.67.3)
    - React-jsiexecutor (= 0.67.3)
    - React-perflogger (= 0.67.3)
    - Yoga
  - React-Core/RCTTextHeaders (0.67.3):
    - glog
    - RCT-Folly (= 2021.06.28.00-v2)
    - React-Core/Default
    - React-cxxreact (= 0.67.3)
    - React-jsi (= 0.67.3)
    - React-jsiexecutor (= 0.67.3)
    - React-perflogger (= 0.67.3)
    - Yoga
  - React-Core/RCTVibrationHeaders (0.67.3):
    - glog
    - RCT-Folly (= 2021.06.28.00-v2)
    - React-Core/Default
    - React-cxxreact (= 0.67.3)
    - React-jsi (= 0.67.3)
    - React-jsiexecutor (= 0.67.3)
    - React-perflogger (= 0.67.3)
    - Yoga
  - React-Core/RCTWebSocket (0.67.3):
    - glog
    - RCT-Folly (= 2021.06.28.00-v2)
    - React-Core/Default (= 0.67.3)
    - React-cxxreact (= 0.67.3)
    - React-jsi (= 0.67.3)
    - React-jsiexecutor (= 0.67.3)
    - React-perflogger (= 0.67.3)
    - Yoga
  - React-CoreModules (0.67.3):
    - FBReactNativeSpec (= 0.67.3)
    - RCT-Folly (= 2021.06.28.00-v2)
    - RCTTypeSafety (= 0.67.3)
    - React-Core/CoreModulesHeaders (= 0.67.3)
    - React-jsi (= 0.67.3)
    - React-RCTImage (= 0.67.3)
    - ReactCommon/turbomodule/core (= 0.67.3)
  - React-cxxreact (0.67.3):
    - boost (= 1.76.0)
    - DoubleConversion
    - glog
    - RCT-Folly (= 2021.06.28.00-v2)
    - React-callinvoker (= 0.67.3)
    - React-jsi (= 0.67.3)
    - React-jsinspector (= 0.67.3)
    - React-logger (= 0.67.3)
    - React-perflogger (= 0.67.3)
    - React-runtimeexecutor (= 0.67.3)
  - React-jsi (0.67.3):
    - boost (= 1.76.0)
    - DoubleConversion
    - glog
    - RCT-Folly (= 2021.06.28.00-v2)
    - React-jsi/Default (= 0.67.3)
  - React-jsi/Default (0.67.3):
    - boost (= 1.76.0)
    - DoubleConversion
    - glog
    - RCT-Folly (= 2021.06.28.00-v2)
  - React-jsiexecutor (0.67.3):
    - DoubleConversion
    - glog
    - RCT-Folly (= 2021.06.28.00-v2)
    - React-cxxreact (= 0.67.3)
    - React-jsi (= 0.67.3)
    - React-perflogger (= 0.67.3)
  - React-jsinspector (0.67.3)
  - React-logger (0.67.3):
    - glog
  - react-native-camera (4.2.1):
    - React-Core
    - react-native-camera/RCT (= 4.2.1)
    - react-native-camera/RN (= 4.2.1)
  - react-native-camera/RCT (4.2.1):
    - React-Core
  - react-native-camera/RN (4.2.1):
    - React-Core
  - react-native-date-picker (4.1.2):
    - React-Core
  - react-native-image-picker (4.7.0):
    - React-Core
  - react-native-netinfo (7.1.7):
    - React-Core
  - react-native-safe-area-context (3.3.2):
    - React-Core
  - react-native-video (5.2.0):
    - React-Core
    - react-native-video/Video (= 5.2.0)
  - react-native-video/Video (5.2.0):
    - React-Core
  - react-native-webview (11.16.0):
    - React-Core
  - React-perflogger (0.67.3)
  - React-RCTActionSheet (0.67.3):
    - React-Core/RCTActionSheetHeaders (= 0.67.3)
  - React-RCTAnimation (0.67.3):
    - FBReactNativeSpec (= 0.67.3)
    - RCT-Folly (= 2021.06.28.00-v2)
    - RCTTypeSafety (= 0.67.3)
    - React-Core/RCTAnimationHeaders (= 0.67.3)
    - React-jsi (= 0.67.3)
    - ReactCommon/turbomodule/core (= 0.67.3)
  - React-RCTBlob (0.67.3):
    - FBReactNativeSpec (= 0.67.3)
    - RCT-Folly (= 2021.06.28.00-v2)
    - React-Core/RCTBlobHeaders (= 0.67.3)
    - React-Core/RCTWebSocket (= 0.67.3)
    - React-jsi (= 0.67.3)
    - React-RCTNetwork (= 0.67.3)
    - ReactCommon/turbomodule/core (= 0.67.3)
  - React-RCTImage (0.67.3):
    - FBReactNativeSpec (= 0.67.3)
    - RCT-Folly (= 2021.06.28.00-v2)
    - RCTTypeSafety (= 0.67.3)
    - React-Core/RCTImageHeaders (= 0.67.3)
    - React-jsi (= 0.67.3)
    - React-RCTNetwork (= 0.67.3)
    - ReactCommon/turbomodule/core (= 0.67.3)
  - React-RCTLinking (0.67.3):
    - FBReactNativeSpec (= 0.67.3)
    - React-Core/RCTLinkingHeaders (= 0.67.3)
    - React-jsi (= 0.67.3)
    - ReactCommon/turbomodule/core (= 0.67.3)
  - React-RCTNetwork (0.67.3):
    - FBReactNativeSpec (= 0.67.3)
    - RCT-Folly (= 2021.06.28.00-v2)
    - RCTTypeSafety (= 0.67.3)
    - React-Core/RCTNetworkHeaders (= 0.67.3)
    - React-jsi (= 0.67.3)
    - ReactCommon/turbomodule/core (= 0.67.3)
  - React-RCTSettings (0.67.3):
    - FBReactNativeSpec (= 0.67.3)
    - RCT-Folly (= 2021.06.28.00-v2)
    - RCTTypeSafety (= 0.67.3)
    - React-Core/RCTSettingsHeaders (= 0.67.3)
    - React-jsi (= 0.67.3)
    - ReactCommon/turbomodule/core (= 0.67.3)
  - React-RCTText (0.67.3):
    - React-Core/RCTTextHeaders (= 0.67.3)
  - React-RCTVibration (0.67.3):
    - FBReactNativeSpec (= 0.67.3)
    - RCT-Folly (= 2021.06.28.00-v2)
    - React-Core/RCTVibrationHeaders (= 0.67.3)
    - React-jsi (= 0.67.3)
    - ReactCommon/turbomodule/core (= 0.67.3)
  - React-runtimeexecutor (0.67.3):
    - React-jsi (= 0.67.3)
  - ReactCommon/turbomodule/core (0.67.3):
    - DoubleConversion
    - glog
    - RCT-Folly (= 2021.06.28.00-v2)
    - React-callinvoker (= 0.67.3)
    - React-Core (= 0.67.3)
    - React-cxxreact (= 0.67.3)
    - React-jsi (= 0.67.3)
    - React-logger (= 0.67.3)
    - React-perflogger (= 0.67.3)
  - rn-fetch-blob (0.12.0):
    - React-Core
  - RNBootSplash (3.2.6):
    - React-Core
  - RNCAsyncStorage (1.12.1):
    - React-Core
  - RNCMaskedView (0.1.11):
    - React
  - RNDateTimePicker (3.5.2):
    - React-Core
  - RNFastImage (8.5.11):
    - React-Core
    - SDWebImage (~> 5.11.1)
    - SDWebImageWebPCoder (~> 0.8.4)
  - RNFBApp (12.9.3):
    - Firebase/CoreOnly (= 8.8.0)
    - React-Core
  - RNFBDynamicLinks (12.9.3):
    - Firebase/DynamicLinks (= 8.8.0)
    - GoogleUtilities/AppDelegateSwizzler
    - React-Core
    - RNFBApp
  - RNFBMessaging (12.9.3):
    - Firebase/Messaging (= 8.8.0)
    - React-Core
    - RNFBApp
  - RNGestureHandler (1.10.3):
    - React-Core
  - RNGoogleSignin (6.0.1):
    - GoogleSignIn (~> 5.0.0)
    - React-Core
  - RNImageCropPicker (0.36.4):
    - React-Core
    - React-RCTImage
    - RNImageCropPicker/QBImagePickerController (= 0.36.4)
    - TOCropViewController
  - RNImageCropPicker/QBImagePickerController (0.36.4):
    - React-Core
    - React-RCTImage
    - TOCropViewController
  - RNReanimated (2.2.4):
    - DoubleConversion
    - FBLazyVector
    - FBReactNativeSpec
    - glog
    - RCT-Folly
    - RCTRequired
    - RCTTypeSafety
    - React
    - React-callinvoker
    - React-Core
    - React-Core/DevSupport
    - React-Core/RCTWebSocket
    - React-CoreModules
    - React-cxxreact
    - React-jsi
    - React-jsiexecutor
    - React-jsinspector
    - React-RCTActionSheet
    - React-RCTAnimation
    - React-RCTBlob
    - React-RCTImage
    - React-RCTLinking
    - React-RCTNetwork
    - React-RCTSettings
    - React-RCTText
    - React-RCTVibration
    - ReactCommon/turbomodule/core
    - Yoga
  - RNScreens (3.9.0):
    - React-Core
    - React-RCTImage
  - RNSVG (12.1.1):
    - React
  - RNVectorIcons (8.1.0):
    - React-Core
  - SDWebImage (5.11.1):
    - SDWebImage/Core (= 5.11.1)
  - SDWebImage/Core (5.11.1)
  - SDWebImageWebPCoder (0.8.4):
    - libwebp (~> 1.0)
    - SDWebImage/Core (~> 5.10)
  - TOCropViewController (2.6.0)
  - Yoga (1.14.0)

DEPENDENCIES:
  - boost (from `../node_modules/react-native/third-party-podspecs/boost.podspec`)
  - DoubleConversion (from `../node_modules/react-native/third-party-podspecs/DoubleConversion.podspec`)
  - FBLazyVector (from `../node_modules/react-native/Libraries/FBLazyVector`)
  - FBReactNativeSpec (from `../node_modules/react-native/React/FBReactNativeSpec`)
  - glog (from `../node_modules/react-native/third-party-podspecs/glog.podspec`)
  - RCT-Folly (from `../node_modules/react-native/third-party-podspecs/RCT-Folly.podspec`)
  - RCTRequired (from `../node_modules/react-native/Libraries/RCTRequired`)
  - RCTTypeSafety (from `../node_modules/react-native/Libraries/TypeSafety`)
  - React (from `../node_modules/react-native/`)
  - React-callinvoker (from `../node_modules/react-native/ReactCommon/callinvoker`)
  - React-Core (from `../node_modules/react-native/`)
  - React-Core/DevSupport (from `../node_modules/react-native/`)
  - React-Core/RCTWebSocket (from `../node_modules/react-native/`)
  - React-CoreModules (from `../node_modules/react-native/React/CoreModules`)
  - React-cxxreact (from `../node_modules/react-native/ReactCommon/cxxreact`)
  - React-jsi (from `../node_modules/react-native/ReactCommon/jsi`)
  - React-jsiexecutor (from `../node_modules/react-native/ReactCommon/jsiexecutor`)
  - React-jsinspector (from `../node_modules/react-native/ReactCommon/jsinspector`)
  - React-logger (from `../node_modules/react-native/ReactCommon/logger`)
  - react-native-camera (from `../node_modules/react-native-camera`)
  - react-native-date-picker (from `../node_modules/react-native-date-picker`)
  - react-native-image-picker (from `../node_modules/react-native-image-picker`)
  - "react-native-netinfo (from `../node_modules/@react-native-community/netinfo`)"
  - react-native-safe-area-context (from `../node_modules/react-native-safe-area-context`)
  - react-native-video (from `../node_modules/react-native-video`)
  - react-native-webview (from `../node_modules/react-native-webview`)
  - React-perflogger (from `../node_modules/react-native/ReactCommon/reactperflogger`)
  - React-RCTActionSheet (from `../node_modules/react-native/Libraries/ActionSheetIOS`)
  - React-RCTAnimation (from `../node_modules/react-native/Libraries/NativeAnimation`)
  - React-RCTBlob (from `../node_modules/react-native/Libraries/Blob`)
  - React-RCTImage (from `../node_modules/react-native/Libraries/Image`)
  - React-RCTLinking (from `../node_modules/react-native/Libraries/LinkingIOS`)
  - React-RCTNetwork (from `../node_modules/react-native/Libraries/Network`)
  - React-RCTSettings (from `../node_modules/react-native/Libraries/Settings`)
  - React-RCTText (from `../node_modules/react-native/Libraries/Text`)
  - React-RCTVibration (from `../node_modules/react-native/Libraries/Vibration`)
  - React-runtimeexecutor (from `../node_modules/react-native/ReactCommon/runtimeexecutor`)
  - ReactCommon/turbomodule/core (from `../node_modules/react-native/ReactCommon`)
  - rn-fetch-blob (from `../node_modules/rn-fetch-blob`)
  - RNBootSplash (from `../node_modules/react-native-bootsplash`)
  - "RNCAsyncStorage (from `../node_modules/@react-native-community/async-storage`)"
  - "RNCMaskedView (from `../node_modules/@react-native-community/masked-view`)"
  - "RNDateTimePicker (from `../node_modules/@react-native-community/datetimepicker`)"
  - RNFastImage (from `../node_modules/react-native-fast-image`)
  - "RNFBApp (from `../node_modules/@react-native-firebase/app`)"
  - "RNFBDynamicLinks (from `../node_modules/@react-native-firebase/dynamic-links`)"
  - "RNFBMessaging (from `../node_modules/@react-native-firebase/messaging`)"
  - RNGestureHandler (from `../node_modules/react-native-gesture-handler`)
  - "RNGoogleSignin (from `../node_modules/@react-native-google-signin/google-signin`)"
  - RNImageCropPicker (from `../node_modules/react-native-image-crop-picker`)
  - RNReanimated (from `../node_modules/react-native-reanimated`)
  - RNScreens (from `../node_modules/react-native-screens`)
  - RNSVG (from `../node_modules/react-native-svg`)
  - RNVectorIcons (from `../node_modules/react-native-vector-icons`)
  - Yoga (from `../node_modules/react-native/ReactCommon/yoga`)

SPEC REPOS:
  trunk:
    - AppAuth
    - Firebase
    - FirebaseCore
    - FirebaseCoreDiagnostics
    - FirebaseDynamicLinks
    - FirebaseInstallations
    - FirebaseMessaging
    - fmt
    - GoogleDataTransport
    - GoogleSignIn
    - GoogleUtilities
    - GTMAppAuth
    - GTMSessionFetcher
    - libwebp
    - nanopb
    - PromisesObjC
    - SDWebImage
    - SDWebImageWebPCoder
    - TOCropViewController

EXTERNAL SOURCES:
  boost:
    :podspec: "../node_modules/react-native/third-party-podspecs/boost.podspec"
  DoubleConversion:
    :podspec: "../node_modules/react-native/third-party-podspecs/DoubleConversion.podspec"
  FBLazyVector:
    :path: "../node_modules/react-native/Libraries/FBLazyVector"
  FBReactNativeSpec:
    :path: "../node_modules/react-native/React/FBReactNativeSpec"
  glog:
    :podspec: "../node_modules/react-native/third-party-podspecs/glog.podspec"
  RCT-Folly:
    :podspec: "../node_modules/react-native/third-party-podspecs/RCT-Folly.podspec"
  RCTRequired:
    :path: "../node_modules/react-native/Libraries/RCTRequired"
  RCTTypeSafety:
    :path: "../node_modules/react-native/Libraries/TypeSafety"
  React:
    :path: "../node_modules/react-native/"
  React-callinvoker:
    :path: "../node_modules/react-native/ReactCommon/callinvoker"
  React-Core:
    :path: "../node_modules/react-native/"
  React-CoreModules:
    :path: "../node_modules/react-native/React/CoreModules"
  React-cxxreact:
    :path: "../node_modules/react-native/ReactCommon/cxxreact"
  React-jsi:
    :path: "../node_modules/react-native/ReactCommon/jsi"
  React-jsiexecutor:
    :path: "../node_modules/react-native/ReactCommon/jsiexecutor"
  React-jsinspector:
    :path: "../node_modules/react-native/ReactCommon/jsinspector"
  React-logger:
    :path: "../node_modules/react-native/ReactCommon/logger"
  react-native-camera:
    :path: "../node_modules/react-native-camera"
  react-native-date-picker:
    :path: "../node_modules/react-native-date-picker"
  react-native-image-picker:
    :path: "../node_modules/react-native-image-picker"
  react-native-netinfo:
    :path: "../node_modules/@react-native-community/netinfo"
  react-native-safe-area-context:
    :path: "../node_modules/react-native-safe-area-context"
  react-native-video:
    :path: "../node_modules/react-native-video"
  react-native-webview:
    :path: "../node_modules/react-native-webview"
  React-perflogger:
    :path: "../node_modules/react-native/ReactCommon/reactperflogger"
  React-RCTActionSheet:
    :path: "../node_modules/react-native/Libraries/ActionSheetIOS"
  React-RCTAnimation:
    :path: "../node_modules/react-native/Libraries/NativeAnimation"
  React-RCTBlob:
    :path: "../node_modules/react-native/Libraries/Blob"
  React-RCTImage:
    :path: "../node_modules/react-native/Libraries/Image"
  React-RCTLinking:
    :path: "../node_modules/react-native/Libraries/LinkingIOS"
  React-RCTNetwork:
    :path: "../node_modules/react-native/Libraries/Network"
  React-RCTSettings:
    :path: "../node_modules/react-native/Libraries/Settings"
  React-RCTText:
    :path: "../node_modules/react-native/Libraries/Text"
  React-RCTVibration:
    :path: "../node_modules/react-native/Libraries/Vibration"
  React-runtimeexecutor:
    :path: "../node_modules/react-native/ReactCommon/runtimeexecutor"
  ReactCommon:
    :path: "../node_modules/react-native/ReactCommon"
  rn-fetch-blob:
    :path: "../node_modules/rn-fetch-blob"
  RNBootSplash:
    :path: "../node_modules/react-native-bootsplash"
  RNCAsyncStorage:
    :path: "../node_modules/@react-native-community/async-storage"
  RNCMaskedView:
    :path: "../node_modules/@react-native-community/masked-view"
  RNDateTimePicker:
    :path: "../node_modules/@react-native-community/datetimepicker"
  RNFastImage:
    :path: "../node_modules/react-native-fast-image"
  RNFBApp:
    :path: "../node_modules/@react-native-firebase/app"
  RNFBDynamicLinks:
    :path: "../node_modules/@react-native-firebase/dynamic-links"
  RNFBMessaging:
    :path: "../node_modules/@react-native-firebase/messaging"
  RNGestureHandler:
    :path: "../node_modules/react-native-gesture-handler"
  RNGoogleSignin:
    :path: "../node_modules/@react-native-google-signin/google-signin"
  RNImageCropPicker:
    :path: "../node_modules/react-native-image-crop-picker"
  RNReanimated:
    :path: "../node_modules/react-native-reanimated"
  RNScreens:
    :path: "../node_modules/react-native-screens"
  RNSVG:
    :path: "../node_modules/react-native-svg"
  RNVectorIcons:
    :path: "../node_modules/react-native-vector-icons"
  Yoga:
    :path: "../node_modules/react-native/ReactCommon/yoga"

SPEC CHECKSUMS:
  AppAuth: 31bcec809a638d7bd2f86ea8a52bd45f6e81e7c7
  boost: a7c83b31436843459a1961bfd74b96033dc77234
  DoubleConversion: 831926d9b8bf8166fd87886c4abab286c2422662
  FBLazyVector: 808f741ddb0896a20e5b98cc665f5b3413b072e2
  FBReactNativeSpec: 94473205b8741b61402e8c51716dea34aa3f5b2f
  Firebase: 629510f1a9ddb235f3a7c5c8ceb23ba887f0f814
  FirebaseCore: 98b29e3828f0a53651c363937a7f7d92a19f1ba2
  FirebaseCoreDiagnostics: fe77f42da6329d6d83d21fd9d621a6b704413bfc
  FirebaseDynamicLinks: cf76a46274569da2d4491548a39ef35f3c1a992d
  FirebaseInstallations: 2563cb18a723ef9c6ef18318a49519b75dce613c
  FirebaseMessaging: 419b5c9d84f294a753c6501d8cfb9ced1ce37304
  fmt: ff9d55029c625d3757ed641535fd4a75fedc7ce9
  glog: 85ecdd10ee8d8ec362ef519a6a45ff9aa27b2e85
  GoogleDataTransport: 85fd18ff3019bb85d3f2c551d04c481dedf71fc9
  GoogleSignIn: 7137d297ddc022a7e0aa4619c86d72c909fa7213
  GoogleUtilities: 8de2a97a17e15b6b98e38e8770e2d129a57c0040
  GTMAppAuth: ad5c2b70b9a8689e1a04033c9369c4915bfcbe89
  GTMSessionFetcher: 43748f93435c2aa068b1cbe39655aaf600652e91
  libwebp: 98a37e597e40bfdb4c911fc98f2c53d0b12d05fc
  nanopb: a0ba3315591a9ae0a16a309ee504766e90db0c96
  PromisesObjC: 68159ce6952d93e17b2dfe273b8c40907db5ba58
  RCT-Folly: 803a9cfd78114b2ec0f140cfa6fa2a6bafb2d685
  RCTRequired: 3c77b683474faf23920fbefc71c4e13af21470c0
  RCTTypeSafety: 720b1841260dac692444c2822b27403178da8b28
  React: 25970dd74abbdac449ca66dec4107652cacc606d
  React-callinvoker: 2d158700bc27b3d49c3c95721d288ed6c1a489ef
  React-Core: 306cfdc1393bcf9481cc5de9807608db7661817b
  React-CoreModules: 2576a88d630899f3fcdf2cb79fcc0454d7b2a8bb
  React-cxxreact: a492f0de07d875419dcb9f463c63c22fe51c433b
  React-jsi: bca092b0c38d5e3fd60bb491d4994ab4a8ac2ad3
  React-jsiexecutor: 15ea57ead631a11fad57634ff69f78e797113a39
  React-jsinspector: 1e1e03345cf6d47779e2061d679d0a87d9ae73d8
  React-logger: 1e10789cb84f99288479ba5f20822ce43ced6ffe
  react-native-camera: 3eae183c1d111103963f3dd913b65d01aef8110f
  react-native-date-picker: d0d724ce1829d2e5d0f75e9ea4ed0f639ecf70e6
  react-native-image-picker: 4b090b73077c3a71b91fddc739a594feebd00184
  react-native-netinfo: 27f287f2d191693f3b9d01a4273137fcf91c3b5d
  react-native-safe-area-context: 584dc04881deb49474363f3be89e4ca0e854c057
  react-native-video: a4c2635d0802f983594b7057e1bce8f442f0ad28
  react-native-webview: 28a8636d97ee641f2ee8f20492d7a6c269c1d703
  React-perflogger: 93d3f142d6d9a46e635f09ba0518027215a41098
  React-RCTActionSheet: 87327c3722203cc79cf79d02fb83e7332aeedd18
  React-RCTAnimation: 009c87c018d50e0b38692699405ebe631ff4872d
  React-RCTBlob: 9e30308cc1b127af11c8f858514d2d8638ce36d7
  React-RCTImage: b9460cb8e3acc51410735a234a9dffbf4964f540
  React-RCTLinking: 73ecf0b87b515383a08ebbf07f558c48de1f0027
  React-RCTNetwork: 8f63119f2da99a94515ad0e0d0a13f9b3f6fe89d
  React-RCTSettings: b827282b1ac2bd98515c0c09f5cbc5062ebd83b0
  React-RCTText: 6d09140f514e1f60aff255e0acdf16e3b486ba4c
  React-RCTVibration: d0361f15ea978958fab7ffb6960f475b5063d83f
  React-runtimeexecutor: af1946623656f9c5fd64ca6f36f3863516193446
  ReactCommon: 650e33cde4fb7d36781cd3143f5276da0abb2f96
  rn-fetch-blob: f065bb7ab7fb48dd002629f8bdcb0336602d3cba
  RNBootSplash: 51eef7e143faeab63f81ddbb7c1de38b8fba66ed
  RNCAsyncStorage: b03032fdbdb725bea0bd9e5ec5a7272865ae7398
  RNCMaskedView: 0e1bc4bfa8365eba5fbbb71e07fbdc0555249489
  RNDateTimePicker: 7658208086d86d09e1627b5c34ba0cf237c60140
  RNFastImage: 1f2cab428712a4baaf78d6169eaec7f622556dd7
  RNFBApp: 729c0666395b1953198dc4a1ec6deb8fbe1c302e
  RNFBDynamicLinks: 4cb7df93b3bea086d743ecb78127c3d11b38510d
  RNFBMessaging: 8415ec196e5c1196caa26ec0742cdb48ed4d0f97
  RNGestureHandler: a479ebd5ed4221a810967000735517df0d2db211
  RNGoogleSignin: e64616a4080cf7d83f4b292fad82d174587444e2
  RNImageCropPicker: 73891a709e6fd8a47d32104d942757971f220aee
  RNReanimated: e28dfaa950064b674fde0a9b736e62b9dff500a7
  RNScreens: 4d79118be80f79fa1f4aa131909a1d6e86280af3
  RNSVG: 551acb6562324b1d52a4e0758f7ca0ec234e278f
  RNVectorIcons: 31cebfcf94e8cf8686eb5303ae0357da64d7a5a4
  SDWebImage: a7f831e1a65eb5e285e3fb046a23fcfbf08e696d
  SDWebImageWebPCoder: f93010f3f6c031e2f8fb3081ca4ee6966c539815
  TOCropViewController: 3105367e808b7d3d886a74ff59bf4804e7d3ab38
  Yoga: 90dcd029e45d8a7c1ff059e8b3c6612ff409061a

PODFILE CHECKSUM: e783758e06f51a57c576aa573498d4abdf2c4a53

COCOAPODS: 1.11.3
